
Microsoft Visual Studio Solution File, Format Version 12.00
# Visual Studio 15
Project("{FAE04EC0-301F-11D3-BF4B-00C04F79EFBC}") = "UnityEngine.UI", "UnityEngine.UI.csproj", "{C07848A0-6CA0-C784-C67A-8A93B84D6366}"
EndProject
Project("{FAE04EC0-301F-11D3-BF4B-00C04F79EFBC}") = "Assembly-CSharp", "Assembly-CSharp.csproj", "{56078C99-36DB-B6AA-F4A6-8BA59550CBF1}"
EndProject
Project("{FAE04EC0-301F-11D3-BF4B-00C04F79EFBC}") = "UnityEngine.TestRunner", "UnityEngine.TestRunner.csproj", "{0457F066-7CB9-0369-35B2-1C66EB954FE6}"
EndProject
Project("{FAE04EC0-301F-11D3-BF4B-00C04F79EFBC}") = "Unity.Mathematics", "Unity.Mathematics.csproj", "{83DD6ABC-10ED-9ED0-E918-A9A493D149B2}"
EndProject
Project("{FAE04EC0-301F-11D3-BF4B-00C04F79EFBC}") = "Unity.2D.Animation.Triangle.Runtime", "Unity.2D.Animation.Triangle.Runtime.csproj", "{458DEF15-6A23-4352-0916-D61A8DDBE4B7}"
EndProject
Project("{FAE04EC0-301F-11D3-BF4B-00C04F79EFBC}") = "Unity.Timeline", "Unity.Timeline.csproj", "{E94CD707-81AC-B0CE-B93D-FAAE357747B0}"
EndProject
Project("{FAE04EC0-301F-11D3-BF4B-00C04F79EFBC}") = "Unity.TextMeshPro", "Unity.TextMeshPro.csproj", "{CC1B18EE-7E4D-1CB0-45C8-E3D2A202AE3C}"
EndProject
Project("{FAE04EC0-301F-11D3-BF4B-00C04F79EFBC}") = "Unity.2D.Animation.Runtime", "Unity.2D.Animation.Runtime.csproj", "{AD1097A9-CB2D-73E4-A0A2-0D578B2F8302}"
EndProject
Project("{FAE04EC0-301F-11D3-BF4B-00C04F79EFBC}") = "Unity.2D.IK.Runtime", "Unity.2D.IK.Runtime.csproj", "{B42AE869-6686-396D-4382-AD7CDF9A0CEA}"
EndProject
Project("{FAE04EC0-301F-11D3-BF4B-00C04F79EFBC}") = "Unity.2D.SpriteShape.Runtime", "Unity.2D.SpriteShape.Runtime.csproj", "{A3AB903C-E4E6-7CE0-250D-9EEFA5B28CC3}"
EndProject
Project("{FAE04EC0-301F-11D3-BF4B-00C04F79EFBC}") = "Unity.2D.PixelPerfect", "Unity.2D.PixelPerfect.csproj", "{82F77811-5EAC-47AA-227F-BE2ABD84E896}"
EndProject
Project("{FAE04EC0-301F-11D3-BF4B-00C04F79EFBC}") = "Unity.2D.Common.Runtime", "Unity.2D.Common.Runtime.csproj", "{83002CD9-5DB2-B871-4920-B592AB6741CB}"
EndProject
Project("{FAE04EC0-301F-11D3-BF4B-00C04F79EFBC}") = "Unity.InternalAPIEngineBridge.001", "Unity.InternalAPIEngineBridge.001.csproj", "{E445BB6D-995E-AC4D-AF6F-8D025EEB36D6}"
EndProject
Project("{FAE04EC0-301F-11D3-BF4B-00C04F79EFBC}") = "UnityEditor.TestRunner", "UnityEditor.TestRunner.csproj", "{3D867AC0-7F3B-6C58-5B3A-499EDE75424B}"
EndProject
Project("{FAE04EC0-301F-11D3-BF4B-00C04F79EFBC}") = "Unity.PlasticSCM.Editor", "Unity.PlasticSCM.Editor.csproj", "{C96B12AF-C37F-BEFD-35B7-0FE858049C31}"
EndProject
Project("{FAE04EC0-301F-11D3-BF4B-00C04F79EFBC}") = "UnityEditor.UI", "UnityEditor.UI.csproj", "{DC99E003-B2D8-C80D-0F9F-BC438E352DD5}"
EndProject
Project("{FAE04EC0-301F-11D3-BF4B-00C04F79EFBC}") = "Unity.Services.Core.Editor", "Unity.Services.Core.Editor.csproj", "{D3A256BE-2579-67BE-2EA9-BEBD1AF9047B}"
EndProject
Project("{FAE04EC0-301F-11D3-BF4B-00C04F79EFBC}") = "Unity.Timeline.Editor", "Unity.Timeline.Editor.csproj", "{E10B59FC-D37B-C7FB-8095-A786D274620A}"
EndProject
Project("{FAE04EC0-301F-11D3-BF4B-00C04F79EFBC}") = "Unity.VisualStudio.Editor", "Unity.VisualStudio.Editor.csproj", "{CA874D85-DD43-19DE-C6B3-2352F3724B3E}"
EndProject
Project("{FAE04EC0-301F-11D3-BF4B-00C04F79EFBC}") = "Unity.2D.Psdimporter.Editor", "Unity.2D.Psdimporter.Editor.csproj", "{B9ACE2B5-8FF0-3963-F300-F7AEC425008E}"
EndProject
Project("{FAE04EC0-301F-11D3-BF4B-00C04F79EFBC}") = "Unity.2D.Animation.Editor", "Unity.2D.Animation.Editor.csproj", "{FEFCFE1D-91E8-FFB9-D3AC-416CFE21CA2B}"
EndProject
Project("{FAE04EC0-301F-11D3-BF4B-00C04F79EFBC}") = "Unity.TextMeshPro.Editor", "Unity.TextMeshPro.Editor.csproj", "{7B2E812C-AD33-39A6-9EA9-EFCF31535EA2}"
EndProject
Project("{FAE04EC0-301F-11D3-BF4B-00C04F79EFBC}") = "Unity.2D.SpriteShape.Editor", "Unity.2D.SpriteShape.Editor.csproj", "{9A635582-729B-F8A7-076B-B74122C4FFD5}"
EndProject
Project("{FAE04EC0-301F-11D3-BF4B-00C04F79EFBC}") = "Unity.CollabProxy.Editor", "Unity.CollabProxy.Editor.csproj", "{1DC33F6D-527A-0196-BBCD-C95105E355B2}"
EndProject
Project("{FAE04EC0-301F-11D3-BF4B-00C04F79EFBC}") = "PsdPlugin", "PsdPlugin.csproj", "{A180DE91-E961-61D8-8E76-8A00D821CDFA}"
EndProject
Project("{FAE04EC0-301F-11D3-BF4B-00C04F79EFBC}") = "Assembly-CSharp-Editor", "Assembly-CSharp-Editor.csproj", "{D71CCDF7-50C7-BE34-A218-788F36BBA254}"
EndProject
Project("{FAE04EC0-301F-11D3-BF4B-00C04F79EFBC}") = "Unity.2D.Path.Editor", "Unity.2D.Path.Editor.csproj", "{93E646E8-9E6C-15DE-175C-A790C240EB43}"
EndProject
Project("{FAE04EC0-301F-11D3-BF4B-00C04F79EFBC}") = "Unity.Rider.Editor", "Unity.Rider.Editor.csproj", "{EC15DB3C-340A-6D06-5A0C-CB02A12AB935}"
EndProject
Project("{FAE04EC0-301F-11D3-BF4B-00C04F79EFBC}") = "Unity.2D.IK.Editor", "Unity.2D.IK.Editor.csproj", "{12BBBBC5-80EC-A083-C697-908A0C1FD941}"
EndProject
Project("{FAE04EC0-301F-11D3-BF4B-00C04F79EFBC}") = "Unity.2D.Sprite.Editor", "Unity.2D.Sprite.Editor.csproj", "{4A96403E-B744-F200-1403-20D2B917CD84}"
EndProject
Project("{FAE04EC0-301F-11D3-BF4B-00C04F79EFBC}") = "Unity.2D.Tilemap.Editor", "Unity.2D.Tilemap.Editor.csproj", "{F039562B-C564-F21C-CBDD-BBC127EE4EC2}"
EndProject
Project("{FAE04EC0-301F-11D3-BF4B-00C04F79EFBC}") = "Unity.2D.PixelPerfect.Editor", "Unity.2D.PixelPerfect.Editor.csproj", "{622BDEC6-33E4-BF05-BB47-EC0991D9C8BE}"
EndProject
Project("{FAE04EC0-301F-11D3-BF4B-00C04F79EFBC}") = "Unity.VSCode.Editor", "Unity.VSCode.Editor.csproj", "{2BFC4BC0-5E39-9D27-EB81-65879ED78785}"
EndProject
Project("{FAE04EC0-301F-11D3-BF4B-00C04F79EFBC}") = "Unity.2D.Common.Editor", "Unity.2D.Common.Editor.csproj", "{2E782656-01E5-8D94-2360-A063E95D3CA3}"
EndProject
Project("{FAE04EC0-301F-11D3-BF4B-00C04F79EFBC}") = "Unity.Mathematics.Editor", "Unity.Mathematics.Editor.csproj", "{5816D9AE-F1DA-833E-C18B-1E86FE5A9C10}"
EndProject
Project("{FAE04EC0-301F-11D3-BF4B-00C04F79EFBC}") = "Unity.InternalAPIEditorBridge.001", "Unity.InternalAPIEditorBridge.001.csproj", "{9A8DC643-0D4A-9D4D-9ABF-BC7A046D0694}"
EndProject
Project("{FAE04EC0-301F-11D3-BF4B-00C04F79EFBC}") = "UnityEngine.UI", "UnityEngine.UI.Player.csproj", "{0D9A55E9-348D-1BB1-DC1C-7D249A9F6694}"
EndProject
Project("{FAE04EC0-301F-11D3-BF4B-00C04F79EFBC}") = "Assembly-CSharp", "Assembly-CSharp.Player.csproj", "{82780906-36AE-30E0-EAD0-E0F7778CF70B}"
EndProject
Project("{FAE04EC0-301F-11D3-BF4B-00C04F79EFBC}") = "UnityEngine.TestRunner", "UnityEngine.TestRunner.Player.csproj", "{93C21B62-D1DB-BCEC-4F5D-D4BED338001A}"
EndProject
Project("{FAE04EC0-301F-11D3-BF4B-00C04F79EFBC}") = "Unity.Mathematics", "Unity.Mathematics.Player.csproj", "{183CFD20-6229-DEBB-DBFB-C92FA633163A}"
EndProject
Project("{FAE04EC0-301F-11D3-BF4B-00C04F79EFBC}") = "Unity.2D.Animation.Triangle.Runtime", "Unity.2D.Animation.Triangle.Runtime.Player.csproj", "{A730DA5A-A8ED-95C9-1067-DA08D45BDF6D}"
EndProject
Project("{FAE04EC0-301F-11D3-BF4B-00C04F79EFBC}") = "Unity.Timeline", "Unity.Timeline.Player.csproj", "{2972DF8C-3880-4811-89D6-D774CAFFC6D1}"
EndProject
Project("{FAE04EC0-301F-11D3-BF4B-00C04F79EFBC}") = "Unity.TextMeshPro", "Unity.TextMeshPro.Player.csproj", "{EEB1ADC5-D2DA-C796-A4A4-83181A4BB1CF}"
EndProject
Project("{FAE04EC0-301F-11D3-BF4B-00C04F79EFBC}") = "Unity.2D.Animation.Runtime", "Unity.2D.Animation.Runtime.Player.csproj", "{A2FD409D-2636-4DA5-DDBC-2F301B03E197}"
EndProject
Project("{FAE04EC0-301F-11D3-BF4B-00C04F79EFBC}") = "Unity.2D.IK.Runtime", "Unity.2D.IK.Runtime.Player.csproj", "{BF33C931-BB9F-02B8-1192-CFB36567F7FF}"
EndProject
Project("{FAE04EC0-301F-11D3-BF4B-00C04F79EFBC}") = "Unity.2D.SpriteShape.Runtime", "Unity.2D.SpriteShape.Runtime.Player.csproj", "{30FBE7FD-C932-DF0C-510E-DD43E0F1B5C4}"
EndProject
Project("{FAE04EC0-301F-11D3-BF4B-00C04F79EFBC}") = "Unity.2D.PixelPerfect", "Unity.2D.PixelPerfect.Player.csproj", "{5EDBA1B9-C9B9-9F0F-37AE-331FE635E4F5}"
EndProject
Project("{FAE04EC0-301F-11D3-BF4B-00C04F79EFBC}") = "Unity.2D.Common.Runtime", "Unity.2D.Common.Runtime.Player.csproj", "{F3CCC41B-B8D3-C0D3-20C9-4A11EA37E14B}"
EndProject
Project("{FAE04EC0-301F-11D3-BF4B-00C04F79EFBC}") = "Unity.InternalAPIEngineBridge.001", "Unity.InternalAPIEngineBridge.001.Player.csproj", "{C5A7B720-C116-EA62-BF68-E703A6CB4CD6}"
EndProject
Global
	GlobalSection(SolutionConfigurationPlatforms) = preSolution
		Debug|Any CPU = Debug|Any CPU
		Release|Any CPU = Release|Any CPU
	EndGlobalSection
	GlobalSection(ProjectConfigurationPlatforms) = postSolution
		{C07848A0-6CA0-C784-C67A-8A93B84D6366}.Debug|Any CPU.ActiveCfg = Debug|Any CPU
		{C07848A0-6CA0-C784-C67A-8A93B84D6366}.Debug|Any CPU.Build.0 = Debug|Any CPU
		{C07848A0-6CA0-C784-C67A-8A93B84D6366}.Release|Any CPU.ActiveCfg = Release|Any CPU
		{C07848A0-6CA0-C784-C67A-8A93B84D6366}.Release|Any CPU.Build.0 = Release|Any CPU
		{56078C99-36DB-B6AA-F4A6-8BA59550CBF1}.Debug|Any CPU.ActiveCfg = Debug|Any CPU
		{56078C99-36DB-B6AA-F4A6-8BA59550CBF1}.Debug|Any CPU.Build.0 = Debug|Any CPU
		{56078C99-36DB-B6AA-F4A6-8BA59550CBF1}.Release|Any CPU.ActiveCfg = Release|Any CPU
		{56078C99-36DB-B6AA-F4A6-8BA59550CBF1}.Release|Any CPU.Build.0 = Release|Any CPU
		{0457F066-7CB9-0369-35B2-1C66EB954FE6}.Debug|Any CPU.ActiveCfg = Debug|Any CPU
		{0457F066-7CB9-0369-35B2-1C66EB954FE6}.Debug|Any CPU.Build.0 = Debug|Any CPU
		{0457F066-7CB9-0369-35B2-1C66EB954FE6}.Release|Any CPU.ActiveCfg = Release|Any CPU
		{0457F066-7CB9-0369-35B2-1C66EB954FE6}.Release|Any CPU.Build.0 = Release|Any CPU
		{83DD6ABC-10ED-9ED0-E918-A9A493D149B2}.Debug|Any CPU.ActiveCfg = Debug|Any CPU
		{83DD6ABC-10ED-9ED0-E918-A9A493D149B2}.Debug|Any CPU.Build.0 = Debug|Any CPU
		{83DD6ABC-10ED-9ED0-E918-A9A493D149B2}.Release|Any CPU.ActiveCfg = Release|Any CPU
		{83DD6ABC-10ED-9ED0-E918-A9A493D149B2}.Release|Any CPU.Build.0 = Release|Any CPU
		{458DEF15-6A23-4352-0916-D61A8DDBE4B7}.Debug|Any CPU.ActiveCfg = Debug|Any CPU
		{458DEF15-6A23-4352-0916-D61A8DDBE4B7}.Debug|Any CPU.Build.0 = Debug|Any CPU
		{458DEF15-6A23-4352-0916-D61A8DDBE4B7}.Release|Any CPU.ActiveCfg = Release|Any CPU
		{458DEF15-6A23-4352-0916-D61A8DDBE4B7}.Release|Any CPU.Build.0 = Release|Any CPU
		{E94CD707-81AC-B0CE-B93D-FAAE357747B0}.Debug|Any CPU.ActiveCfg = Debug|Any CPU
		{E94CD707-81AC-B0CE-B93D-FAAE357747B0}.Debug|Any CPU.Build.0 = Debug|Any CPU
		{E94CD707-81AC-B0CE-B93D-FAAE357747B0}.Release|Any CPU.ActiveCfg = Release|Any CPU
		{E94CD707-81AC-B0CE-B93D-FAAE357747B0}.Release|Any CPU.Build.0 = Release|Any CPU
		{CC1B18EE-7E4D-1CB0-45C8-E3D2A202AE3C}.Debug|Any CPU.ActiveCfg = Debug|Any CPU
		{CC1B18EE-7E4D-1CB0-45C8-E3D2A202AE3C}.Debug|Any CPU.Build.0 = Debug|Any CPU
		{CC1B18EE-7E4D-1CB0-45C8-E3D2A202AE3C}.Release|Any CPU.ActiveCfg = Release|Any CPU
		{CC1B18EE-7E4D-1CB0-45C8-E3D2A202AE3C}.Release|Any CPU.Build.0 = Release|Any CPU
		{AD1097A9-CB2D-73E4-A0A2-0D578B2F8302}.Debug|Any CPU.ActiveCfg = Debug|Any CPU
		{AD1097A9-CB2D-73E4-A0A2-0D578B2F8302}.Debug|Any CPU.Build.0 = Debug|Any CPU
		{AD1097A9-CB2D-73E4-A0A2-0D578B2F8302}.Release|Any CPU.ActiveCfg = Release|Any CPU
		{AD1097A9-CB2D-73E4-A0A2-0D578B2F8302}.Release|Any CPU.Build.0 = Release|Any CPU
		{B42AE869-6686-396D-4382-AD7CDF9A0CEA}.Debug|Any CPU.ActiveCfg = Debug|Any CPU
		{B42AE869-6686-396D-4382-AD7CDF9A0CEA}.Debug|Any CPU.Build.0 = Debug|Any CPU
		{B42AE869-6686-396D-4382-AD7CDF9A0CEA}.Release|Any CPU.ActiveCfg = Release|Any CPU
		{B42AE869-6686-396D-4382-AD7CDF9A0CEA}.Release|Any CPU.Build.0 = Release|Any CPU
		{A3AB903C-E4E6-7CE0-250D-9EEFA5B28CC3}.Debug|Any CPU.ActiveCfg = Debug|Any CPU
		{A3AB903C-E4E6-7CE0-250D-9EEFA5B28CC3}.Debug|Any CPU.Build.0 = Debug|Any CPU
		{A3AB903C-E4E6-7CE0-250D-9EEFA5B28CC3}.Release|Any CPU.ActiveCfg = Release|Any CPU
		{A3AB903C-E4E6-7CE0-250D-9EEFA5B28CC3}.Release|Any CPU.Build.0 = Release|Any CPU
		{82F77811-5EAC-47AA-227F-BE2ABD84E896}.Debug|Any CPU.ActiveCfg = Debug|Any CPU
		{82F77811-5EAC-47AA-227F-BE2ABD84E896}.Debug|Any CPU.Build.0 = Debug|Any CPU
		{82F77811-5EAC-47AA-227F-BE2ABD84E896}.Release|Any CPU.ActiveCfg = Release|Any CPU
		{82F77811-5EAC-47AA-227F-BE2ABD84E896}.Release|Any CPU.Build.0 = Release|Any CPU
		{83002CD9-5DB2-B871-4920-B592AB6741CB}.Debug|Any CPU.ActiveCfg = Debug|Any CPU
		{83002CD9-5DB2-B871-4920-B592AB6741CB}.Debug|Any CPU.Build.0 = Debug|Any CPU
		{83002CD9-5DB2-B871-4920-B592AB6741CB}.Release|Any CPU.ActiveCfg = Release|Any CPU
		{83002CD9-5DB2-B871-4920-B592AB6741CB}.Release|Any CPU.Build.0 = Release|Any CPU
		{E445BB6D-995E-AC4D-AF6F-8D025EEB36D6}.Debug|Any CPU.ActiveCfg = Debug|Any CPU
		{E445BB6D-995E-AC4D-AF6F-8D025EEB36D6}.Debug|Any CPU.Build.0 = Debug|Any CPU
		{E445BB6D-995E-AC4D-AF6F-8D025EEB36D6}.Release|Any CPU.ActiveCfg = Release|Any CPU
		{E445BB6D-995E-AC4D-AF6F-8D025EEB36D6}.Release|Any CPU.Build.0 = Release|Any CPU
		{3D867AC0-7F3B-6C58-5B3A-499EDE75424B}.Debug|Any CPU.ActiveCfg = Debug|Any CPU
		{3D867AC0-7F3B-6C58-5B3A-499EDE75424B}.Debug|Any CPU.Build.0 = Debug|Any CPU
		{3D867AC0-7F3B-6C58-5B3A-499EDE75424B}.Release|Any CPU.ActiveCfg = Release|Any CPU
		{3D867AC0-7F3B-6C58-5B3A-499EDE75424B}.Release|Any CPU.Build.0 = Release|Any CPU
		{C96B12AF-C37F-BEFD-35B7-0FE858049C31}.Debug|Any CPU.ActiveCfg = Debug|Any CPU
		{C96B12AF-C37F-BEFD-35B7-0FE858049C31}.Debug|Any CPU.Build.0 = Debug|Any CPU
		{C96B12AF-C37F-BEFD-35B7-0FE858049C31}.Release|Any CPU.ActiveCfg = Release|Any CPU
		{C96B12AF-C37F-BEFD-35B7-0FE858049C31}.Release|Any CPU.Build.0 = Release|Any CPU
		{DC99E003-B2D8-C80D-0F9F-BC438E352DD5}.Debug|Any CPU.ActiveCfg = Debug|Any CPU
		{DC99E003-B2D8-C80D-0F9F-BC438E352DD5}.Debug|Any CPU.Build.0 = Debug|Any CPU
		{DC99E003-B2D8-C80D-0F9F-BC438E352DD5}.Release|Any CPU.ActiveCfg = Release|Any CPU
		{DC99E003-B2D8-C80D-0F9F-BC438E352DD5}.Release|Any CPU.Build.0 = Release|Any CPU
		{D3A256BE-2579-67BE-2EA9-BEBD1AF9047B}.Debug|Any CPU.ActiveCfg = Debug|Any CPU
		{D3A256BE-2579-67BE-2EA9-BEBD1AF9047B}.Debug|Any CPU.Build.0 = Debug|Any CPU
		{D3A256BE-2579-67BE-2EA9-BEBD1AF9047B}.Release|Any CPU.ActiveCfg = Release|Any CPU
		{D3A256BE-2579-67BE-2EA9-BEBD1AF9047B}.Release|Any CPU.Build.0 = Release|Any CPU
		{E10B59FC-D37B-C7FB-8095-A786D274620A}.Debug|Any CPU.ActiveCfg = Debug|Any CPU
		{E10B59FC-D37B-C7FB-8095-A786D274620A}.Debug|Any CPU.Build.0 = Debug|Any CPU
		{E10B59FC-D37B-C7FB-8095-A786D274620A}.Release|Any CPU.ActiveCfg = Release|Any CPU
		{E10B59FC-D37B-C7FB-8095-A786D274620A}.Release|Any CPU.Build.0 = Release|Any CPU
		{CA874D85-DD43-19DE-C6B3-2352F3724B3E}.Debug|Any CPU.ActiveCfg = Debug|Any CPU
		{CA874D85-DD43-19DE-C6B3-2352F3724B3E}.Debug|Any CPU.Build.0 = Debug|Any CPU
		{CA874D85-DD43-19DE-C6B3-2352F3724B3E}.Release|Any CPU.ActiveCfg = Release|Any CPU
		{CA874D85-DD43-19DE-C6B3-2352F3724B3E}.Release|Any CPU.Build.0 = Release|Any CPU
		{B9ACE2B5-8FF0-3963-F300-F7AEC425008E}.Debug|Any CPU.ActiveCfg = Debug|Any CPU
		{B9ACE2B5-8FF0-3963-F300-F7AEC425008E}.Debug|Any CPU.Build.0 = Debug|Any CPU
		{B9ACE2B5-8FF0-3963-F300-F7AEC425008E}.Release|Any CPU.ActiveCfg = Release|Any CPU
		{B9ACE2B5-8FF0-3963-F300-F7AEC425008E}.Release|Any CPU.Build.0 = Release|Any CPU
		{FEFCFE1D-91E8-FFB9-D3AC-416CFE21CA2B}.Debug|Any CPU.ActiveCfg = Debug|Any CPU
		{FEFCFE1D-91E8-FFB9-D3AC-416CFE21CA2B}.Debug|Any CPU.Build.0 = Debug|Any CPU
		{FEFCFE1D-91E8-FFB9-D3AC-416CFE21CA2B}.Release|Any CPU.ActiveCfg = Release|Any CPU
		{FEFCFE1D-91E8-FFB9-D3AC-416CFE21CA2B}.Release|Any CPU.Build.0 = Release|Any CPU
		{7B2E812C-AD33-39A6-9EA9-EFCF31535EA2}.Debug|Any CPU.ActiveCfg = Debug|Any CPU
		{7B2E812C-AD33-39A6-9EA9-EFCF31535EA2}.Debug|Any CPU.Build.0 = Debug|Any CPU
		{7B2E812C-AD33-39A6-9EA9-EFCF31535EA2}.Release|Any CPU.ActiveCfg = Release|Any CPU
		{7B2E812C-AD33-39A6-9EA9-EFCF31535EA2}.Release|Any CPU.Build.0 = Release|Any CPU
		{9A635582-729B-F8A7-076B-B74122C4FFD5}.Debug|Any CPU.ActiveCfg = Debug|Any CPU
		{9A635582-729B-F8A7-076B-B74122C4FFD5}.Debug|Any CPU.Build.0 = Debug|Any CPU
		{9A635582-729B-F8A7-076B-B74122C4FFD5}.Release|Any CPU.ActiveCfg = Release|Any CPU
		{9A635582-729B-F8A7-076B-B74122C4FFD5}.Release|Any CPU.Build.0 = Release|Any CPU
		{1DC33F6D-527A-0196-BBCD-C95105E355B2}.Debug|Any CPU.ActiveCfg = Debug|Any CPU
		{1DC33F6D-527A-0196-BBCD-C95105E355B2}.Debug|Any CPU.Build.0 = Debug|Any CPU
		{1DC33F6D-527A-0196-BBCD-C95105E355B2}.Release|Any CPU.ActiveCfg = Release|Any CPU
		{1DC33F6D-527A-0196-BBCD-C95105E355B2}.Release|Any CPU.Build.0 = Release|Any CPU
		{A180DE91-E961-61D8-8E76-8A00D821CDFA}.Debug|Any CPU.ActiveCfg = Debug|Any CPU
		{A180DE91-E961-61D8-8E76-8A00D821CDFA}.Debug|Any CPU.Build.0 = Debug|Any CPU
		{A180DE91-E961-61D8-8E76-8A00D821CDFA}.Release|Any CPU.ActiveCfg = Release|Any CPU
		{A180DE91-E961-61D8-8E76-8A00D821CDFA}.Release|Any CPU.Build.0 = Release|Any CPU
		{D71CCDF7-50C7-BE34-A218-788F36BBA254}.Debug|Any CPU.ActiveCfg = Debug|Any CPU
		{D71CCDF7-50C7-BE34-A218-788F36BBA254}.Debug|Any CPU.Build.0 = Debug|Any CPU
		{D71CCDF7-50C7-BE34-A218-788F36BBA254}.Release|Any CPU.ActiveCfg = Release|Any CPU
		{D71CCDF7-50C7-BE34-A218-788F36BBA254}.Release|Any CPU.Build.0 = Release|Any CPU
		{93E646E8-9E6C-15DE-175C-A790C240EB43}.Debug|Any CPU.ActiveCfg = Debug|Any CPU
		{93E646E8-9E6C-15DE-175C-A790C240EB43}.Debug|Any CPU.Build.0 = Debug|Any CPU
		{93E646E8-9E6C-15DE-175C-A790C240EB43}.Release|Any CPU.ActiveCfg = Release|Any CPU
		{93E646E8-9E6C-15DE-175C-A790C240EB43}.Release|Any CPU.Build.0 = Release|Any CPU
		{EC15DB3C-340A-6D06-5A0C-CB02A12AB935}.Debug|Any CPU.ActiveCfg = Debug|Any CPU
		{EC15DB3C-340A-6D06-5A0C-CB02A12AB935}.Debug|Any CPU.Build.0 = Debug|Any CPU
		{EC15DB3C-340A-6D06-5A0C-CB02A12AB935}.Release|Any CPU.ActiveCfg = Release|Any CPU
		{EC15DB3C-340A-6D06-5A0C-CB02A12AB935}.Release|Any CPU.Build.0 = Release|Any CPU
		{12BBBBC5-80EC-A083-C697-908A0C1FD941}.Debug|Any CPU.ActiveCfg = Debug|Any CPU
		{12BBBBC5-80EC-A083-C697-908A0C1FD941}.Debug|Any CPU.Build.0 = Debug|Any CPU
		{12BBBBC5-80EC-A083-C697-908A0C1FD941}.Release|Any CPU.ActiveCfg = Release|Any CPU
		{12BBBBC5-80EC-A083-C697-908A0C1FD941}.Release|Any CPU.Build.0 = Release|Any CPU
		{4A96403E-B744-F200-1403-20D2B917CD84}.Debug|Any CPU.ActiveCfg = Debug|Any CPU
		{4A96403E-B744-F200-1403-20D2B917CD84}.Debug|Any CPU.Build.0 = Debug|Any CPU
		{4A96403E-B744-F200-1403-20D2B917CD84}.Release|Any CPU.ActiveCfg = Release|Any CPU
		{4A96403E-B744-F200-1403-20D2B917CD84}.Release|Any CPU.Build.0 = Release|Any CPU
		{F039562B-C564-F21C-CBDD-BBC127EE4EC2}.Debug|Any CPU.ActiveCfg = Debug|Any CPU
		{F039562B-C564-F21C-CBDD-BBC127EE4EC2}.Debug|Any CPU.Build.0 = Debug|Any CPU
		{F039562B-C564-F21C-CBDD-BBC127EE4EC2}.Release|Any CPU.ActiveCfg = Release|Any CPU
		{F039562B-C564-F21C-CBDD-BBC127EE4EC2}.Release|Any CPU.Build.0 = Release|Any CPU
		{622BDEC6-33E4-BF05-BB47-EC0991D9C8BE}.Debug|Any CPU.ActiveCfg = Debug|Any CPU
		{622BDEC6-33E4-BF05-BB47-EC0991D9C8BE}.Debug|Any CPU.Build.0 = Debug|Any CPU
		{622BDEC6-33E4-BF05-BB47-EC0991D9C8BE}.Release|Any CPU.ActiveCfg = Release|Any CPU
		{622BDEC6-33E4-BF05-BB47-EC0991D9C8BE}.Release|Any CPU.Build.0 = Release|Any CPU
		{2BFC4BC0-5E39-9D27-EB81-65879ED78785}.Debug|Any CPU.ActiveCfg = Debug|Any CPU
		{2BFC4BC0-5E39-9D27-EB81-65879ED78785}.Debug|Any CPU.Build.0 = Debug|Any CPU
		{2BFC4BC0-5E39-9D27-EB81-65879ED78785}.Release|Any CPU.ActiveCfg = Release|Any CPU
		{2BFC4BC0-5E39-9D27-EB81-65879ED78785}.Release|Any CPU.Build.0 = Release|Any CPU
		{2E782656-01E5-8D94-2360-A063E95D3CA3}.Debug|Any CPU.ActiveCfg = Debug|Any CPU
		{2E782656-01E5-8D94-2360-A063E95D3CA3}.Debug|Any CPU.Build.0 = Debug|Any CPU
		{2E782656-01E5-8D94-2360-A063E95D3CA3}.Release|Any CPU.ActiveCfg = Release|Any CPU
		{2E782656-01E5-8D94-2360-A063E95D3CA3}.Release|Any CPU.Build.0 = Release|Any CPU
		{5816D9AE-F1DA-833E-C18B-1E86FE5A9C10}.Debug|Any CPU.ActiveCfg = Debug|Any CPU
		{5816D9AE-F1DA-833E-C18B-1E86FE5A9C10}.Debug|Any CPU.Build.0 = Debug|Any CPU
		{5816D9AE-F1DA-833E-C18B-1E86FE5A9C10}.Release|Any CPU.ActiveCfg = Release|Any CPU
		{5816D9AE-F1DA-833E-C18B-1E86FE5A9C10}.Release|Any CPU.Build.0 = Release|Any CPU
		{9A8DC643-0D4A-9D4D-9ABF-BC7A046D0694}.Debug|Any CPU.ActiveCfg = Debug|Any CPU
		{9A8DC643-0D4A-9D4D-9ABF-BC7A046D0694}.Debug|Any CPU.Build.0 = Debug|Any CPU
		{9A8DC643-0D4A-9D4D-9ABF-BC7A046D0694}.Release|Any CPU.ActiveCfg = Release|Any CPU
		{9A8DC643-0D4A-9D4D-9ABF-BC7A046D0694}.Release|Any CPU.Build.0 = Release|Any CPU
		{0D9A55E9-348D-1BB1-DC1C-7D249A9F6694}.Debug|Any CPU.ActiveCfg = Debug|Any CPU
		{0D9A55E9-348D-1BB1-DC1C-7D249A9F6694}.Debug|Any CPU.Build.0 = Debug|Any CPU
		{0D9A55E9-348D-1BB1-DC1C-7D249A9F6694}.Release|Any CPU.ActiveCfg = Release|Any CPU
		{0D9A55E9-348D-1BB1-DC1C-7D249A9F6694}.Release|Any CPU.Build.0 = Release|Any CPU
		{82780906-36AE-30E0-EAD0-E0F7778CF70B}.Debug|Any CPU.ActiveCfg = Debug|Any CPU
		{82780906-36AE-30E0-EAD0-E0F7778CF70B}.Debug|Any CPU.Build.0 = Debug|Any CPU
		{82780906-36AE-30E0-EAD0-E0F7778CF70B}.Release|Any CPU.ActiveCfg = Release|Any CPU
		{82780906-36AE-30E0-EAD0-E0F7778CF70B}.Release|Any CPU.Build.0 = Release|Any CPU
		{93C21B62-D1DB-BCEC-4F5D-D4BED338001A}.Debug|Any CPU.ActiveCfg = Debug|Any CPU
		{93C21B62-D1DB-BCEC-4F5D-D4BED338001A}.Debug|Any CPU.Build.0 = Debug|Any CPU
		{93C21B62-D1DB-BCEC-4F5D-D4BED338001A}.Release|Any CPU.ActiveCfg = Release|Any CPU
		{93C21B62-D1DB-BCEC-4F5D-D4BED338001A}.Release|Any CPU.Build.0 = Release|Any CPU
		{183CFD20-6229-DEBB-DBFB-C92FA633163A}.Debug|Any CPU.ActiveCfg = Debug|Any CPU
		{183CFD20-6229-DEBB-DBFB-C92FA633163A}.Debug|Any CPU.Build.0 = Debug|Any CPU
		{183CFD20-6229-DEBB-DBFB-C92FA633163A}.Release|Any CPU.ActiveCfg = Release|Any CPU
		{183CFD20-6229-DEBB-DBFB-C92FA633163A}.Release|Any CPU.Build.0 = Release|Any CPU
		{A730DA5A-A8ED-95C9-1067-DA08D45BDF6D}.Debug|Any CPU.ActiveCfg = Debug|Any CPU
		{A730DA5A-A8ED-95C9-1067-DA08D45BDF6D}.Debug|Any CPU.Build.0 = Debug|Any CPU
		{A730DA5A-A8ED-95C9-1067-DA08D45BDF6D}.Release|Any CPU.ActiveCfg = Release|Any CPU
		{A730DA5A-A8ED-95C9-1067-DA08D45BDF6D}.Release|Any CPU.Build.0 = Release|Any CPU
		{2972DF8C-3880-4811-89D6-D774CAFFC6D1}.Debug|Any CPU.ActiveCfg = Debug|Any CPU
		{2972DF8C-3880-4811-89D6-D774CAFFC6D1}.Debug|Any CPU.Build.0 = Debug|Any CPU
		{2972DF8C-3880-4811-89D6-D774CAFFC6D1}.Release|Any CPU.ActiveCfg = Release|Any CPU
		{2972DF8C-3880-4811-89D6-D774CAFFC6D1}.Release|Any CPU.Build.0 = Release|Any CPU
		{EEB1ADC5-D2DA-C796-A4A4-83181A4BB1CF}.Debug|Any CPU.ActiveCfg = Debug|Any CPU
		{EEB1ADC5-D2DA-C796-A4A4-83181A4BB1CF}.Debug|Any CPU.Build.0 = Debug|Any CPU
		{EEB1ADC5-D2DA-C796-A4A4-83181A4BB1CF}.Release|Any CPU.ActiveCfg = Release|Any CPU
		{EEB1ADC5-D2DA-C796-A4A4-83181A4BB1CF}.Release|Any CPU.Build.0 = Release|Any CPU
		{A2FD409D-2636-4DA5-DDBC-2F301B03E197}.Debug|Any CPU.ActiveCfg = Debug|Any CPU
		{A2FD409D-2636-4DA5-DDBC-2F301B03E197}.Debug|Any CPU.Build.0 = Debug|Any CPU
		{A2FD409D-2636-4DA5-DDBC-2F301B03E197}.Release|Any CPU.ActiveCfg = Release|Any CPU
		{A2FD409D-2636-4DA5-DDBC-2F301B03E197}.Release|Any CPU.Build.0 = Release|Any CPU
		{BF33C931-BB9F-02B8-1192-CFB36567F7FF}.Debug|Any CPU.ActiveCfg = Debug|Any CPU
		{BF33C931-BB9F-02B8-1192-CFB36567F7FF}.Debug|Any CPU.Build.0 = Debug|Any CPU
		{BF33C931-BB9F-02B8-1192-CFB36567F7FF}.Release|Any CPU.ActiveCfg = Release|Any CPU
		{BF33C931-BB9F-02B8-1192-CFB36567F7FF}.Release|Any CPU.Build.0 = Release|Any CPU
		{30FBE7FD-C932-DF0C-510E-DD43E0F1B5C4}.Debug|Any CPU.ActiveCfg = Debug|Any CPU
		{30FBE7FD-C932-DF0C-510E-DD43E0F1B5C4}.Debug|Any CPU.Build.0 = Debug|Any CPU
		{30FBE7FD-C932-DF0C-510E-DD43E0F1B5C4}.Release|Any CPU.ActiveCfg = Release|Any CPU
		{30FBE7FD-C932-DF0C-510E-DD43E0F1B5C4}.Release|Any CPU.Build.0 = Release|Any CPU
		{5EDBA1B9-C9B9-9F0F-37AE-331FE635E4F5}.Debug|Any CPU.ActiveCfg = Debug|Any CPU
		{5EDBA1B9-C9B9-9F0F-37AE-331FE635E4F5}.Debug|Any CPU.Build.0 = Debug|Any CPU
		{5EDBA1B9-C9B9-9F0F-37AE-331FE635E4F5}.Release|Any CPU.ActiveCfg = Release|Any CPU
		{5EDBA1B9-C9B9-9F0F-37AE-331FE635E4F5}.Release|Any CPU.Build.0 = Release|Any CPU
		{F3CCC41B-B8D3-C0D3-20C9-4A11EA37E14B}.Debug|Any CPU.ActiveCfg = Debug|Any CPU
		{F3CCC41B-B8D3-C0D3-20C9-4A11EA37E14B}.Debug|Any CPU.Build.0 = Debug|Any CPU
		{F3CCC41B-B8D3-C0D3-20C9-4A11EA37E14B}.Release|Any CPU.ActiveCfg = Release|Any CPU
		{F3CCC41B-B8D3-C0D3-20C9-4A11EA37E14B}.Release|Any CPU.Build.0 = Release|Any CPU
		{C5A7B720-C116-EA62-BF68-E703A6CB4CD6}.Debug|Any CPU.ActiveCfg = Debug|Any CPU
		{C5A7B720-C116-EA62-BF68-E703A6CB4CD6}.Debug|Any CPU.Build.0 = Debug|Any CPU
		{C5A7B720-C116-EA62-BF68-E703A6CB4CD6}.Release|Any CPU.ActiveCfg = Release|Any CPU
		{C5A7B720-C116-EA62-BF68-E703A6CB4CD6}.Release|Any CPU.Build.0 = Release|Any CPU
	EndGlobalSection
	GlobalSection(SolutionProperties) = preSolution
		HideSolutionNode = FALSE
	EndGlobalSection
EndGlobal
